<?xml version="1.0" encoding="utf-8"?>
<Project ToolsVersion="4.0" xmlns="http://schemas.microsoft.com/developer/msbuild/2003">
  <ItemGroup>
    <Filter Include="Source Files">
      <UniqueIdentifier>{4FC737F1-C7A5-4376-A066-2A32D752A2FF}</UniqueIdentifier>
      <Extensions>cpp;c;cc;cxx;c++;def;odl;idl;hpj;bat;asm;asmx</Extensions>
    </Filter>
    <Filter Include="Header Files">
      <UniqueIdentifier>{93995380-89BD-4b04-88EB-625FBE52EBFB}</UniqueIdentifier>
      <Extensions>h;hh;hpp;hxx;h++;hm;inl;inc;ipp;xsd</Extensions>
    </Filter>
    <Filter Include="Resource Files">
      <UniqueIdentifier>{67DA6AB6-F800-4c08-8B7A-83BB121AAD01}</UniqueIdentifier>
      <Extensions>rc;ico;cur;bmp;dlg;rc2;rct;bin;rgs;gif;jpg;jpeg;jpe;resx;tiff;tif;png;wav;mfcribbon-ms</Extensions>
    </Filter>
  </ItemGroup>
  <ItemGroup>
    <ClCompile Include="Source\Main.cpp">
      <Filter>Source Files</Filter>
    </ClCompile>
    <ClCompile Include="Source\ResourceMap.cpp">
      <Filter>Source Files</Filter>
    </ClCompile>
    <ClCompile Include="Source\SequenceProcessor.cpp">
      <Filter>Source Files</Filter>
    </ClCompile>
    <ClCompile Include="Source\Util.cpp">
      <Filter>Source Files</Filter>
    </ClCompile>
    <ClCompile Include="Source\Voice\SynthVoiceModule.cpp">
      <Filter>Source Files</Filter>
    </ClCompile>
    <ClCompile Include="Source\UI\SequencerToggleWidget.cpp">
      <Filter>Source Files</Filter>
    </ClCompile>
    <ClCompile Include="Source\UI\ModulationSourceButtonWidget.cpp">
      <Filter>Source Files</Filter>
    </ClCompile>
    <ClCompile Include="Source\UI\Widget.cpp">
      <Filter>Source Files</Filter>
    </ClCompile>
    <ClCompile Include="Source\UI\LabelWidget.cpp">
      <Filter>Source Files</Filter>
    </ClCompile>
    <ClCompile Include="Source\UI\ImageWidget.cpp">
      <Filter>Source Files</Filter>
    </ClCompile>
    <ClCompile Include="Source\UI\ButtonWidget.cpp">
      <Filter>Source Files</Filter>
    </ClCompile>
    <ClCompile Include="Source\UI\LayoutWidget.cpp">
      <Filter>Source Files</Filter>
    </ClCompile>
    <ClCompile Include="Source\UI\SelectableButtonWidget.cpp">
      <Filter>Source Files</Filter>
    </ClCompile>
    <ClCompile Include="Source\UI\DialWidget.cpp">
      <Filter>Source Files</Filter>
    </ClCompile>
    <ClCompile Include="Source\UI\ModalDialogWidget.cpp">
      <Filter>Source Files</Filter>
    </ClCompile>
    <ClCompile Include="Source\UI\TextInputWidget.cpp">
      <Filter>Source Files</Filter>
    </ClCompile>
    <ClCompile Include="Source\Input\InputSystem.cpp">
      <Filter>Source Files</Filter>
    </ClCompile>
    <ClCompile Include="Source\Disk.cpp">
      <Filter>Source Files</Filter>
    </ClCompile>
    <ClCompile Include="Source\GrooveboxWindow\GrooveboxWindow.cpp">
      <Filter>Source Files</Filter>
    </ClCompile>
    <ClCompile Include="Source\Voice\SynthParamConstants.cpp">
      <Filter>Source Files</Filter>
    </ClCompile>
    <ClCompile Include="Source\Voice\SynthParamReflection.cpp">
      <Filter>Source Files</Filter>
    </ClCompile>
    <ClCompile Include="Source\ModulationSource.cpp">
      <Filter>Source Files</Filter>
    </ClCompile>
    <ClCompile Include="Source\Voice\Oscillator.cpp">
      <Filter>Source Files</Filter>
    </ClCompile>
  </ItemGroup>
  <ItemGroup>
    <ClInclude Include="Source\Sequence.h">
      <Filter>Header Files</Filter>
    </ClInclude>
    <ClInclude Include="Source\MulticastDelegate.h">
      <Filter>Header Files</Filter>
    </ClInclude>
    <ClInclude Include="Source\Lfo.h">
      <Filter>Header Files</Filter>
    </ClInclude>
    <ClInclude Include="Source\SequencerStream.h">
      <Filter>Header Files</Filter>
    </ClInclude>
    <ClInclude Include="Source\Util.h">
      <Filter>Header Files</Filter>
    </ClInclude>
    <ClInclude Include="Source\SequenceProcessor.h">
      <Filter>Header Files</Filter>
    </ClInclude>
    <ClInclude Include="Source\Fonts.h">
      <Filter>Header Files</Filter>
    </ClInclude>
    <ClInclude Include="Source\ResourceMap.h">
      <Filter>Header Files</Filter>
    </ClInclude>
    <ClInclude Include="Source\EventTypes.h">
      <Filter>Header Files</Filter>
    </ClInclude>
    <ClInclude Include="Source\Biquad.h">
      <Filter>Header Files</Filter>
    </ClInclude>
    <ClInclude Include="Source\Constants.h">
      <Filter>Header Files</Filter>
    </ClInclude>
    <ClInclude Include="Source\MyMath.h">
      <Filter>Header Files</Filter>
    </ClInclude>
    <ClInclude Include="Source\Voice\SynthVoiceModule.h">
      <Filter>Header Files</Filter>
    </ClInclude>
    <ClInclude Include="Source\Voice\SynthVoiceParam.h">
      <Filter>Header Files</Filter>
    </ClInclude>
    <ClInclude Include="Source\UI\Widget.h">
      <Filter>Header Files</Filter>
    </ClInclude>
    <ClInclude Include="Source\UI\DialWidget.h">
      <Filter>Header Files</Filter>
    </ClInclude>
    <ClInclude Include="Source\UI\LabelWidget.h">
      <Filter>Header Files</Filter>
    </ClInclude>
    <ClInclude Include="Source\UI\ImageWidget.h">
      <Filter>Header Files</Filter>
    </ClInclude>
    <ClInclude Include="Source\UI\ButtonWidget.h">
      <Filter>Header Files</Filter>
    </ClInclude>
    <ClInclude Include="Source\UI\SequencerToggleWidget.h">
      <Filter>Header Files</Filter>
    </ClInclude>
    <ClInclude Include="Source\Voice\SynthVoiceValueParams.h">
      <Filter>Header Files</Filter>
    </ClInclude>
    <ClInclude Include="Source\Voice\SynthParamGetters.h">
      <Filter>Header Files</Filter>
    </ClInclude>
    <ClInclude Include="Source\UI\SelectableButtonWidget.h">
      <Filter>Header Files</Filter>
    </ClInclude>
    <ClInclude Include="Source\UI\ModulationSourceButtonWidget.h">
      <Filter>Header Files</Filter>
    </ClInclude>
    <ClInclude Include="Source\UI\LayoutWidget.h">
      <Filter>Header Files</Filter>
    </ClInclude>
    <ClInclude Include="Source\UI\TabbedPanelWidget.h">
      <Filter>Header Files</Filter>
    </ClInclude>
    <ClInclude Include="Source\UI\ModalDialogWidget.h">
      <Filter>Header Files</Filter>
    </ClInclude>
    <ClInclude Include="Source\UI\TextInputWidget.h">
      <Filter>Header Files</Filter>
    </ClInclude>
    <ClInclude Include="Source\Input\InputSystem.h">
      <Filter>Header Files</Filter>
    </ClInclude>
    <ClInclude Include="Source\Disk.h">
      <Filter>Header Files</Filter>
    </ClInclude>
    <ClInclude Include="Source\Voice\Macros\EnvelopeParamMacros.h">
      <Filter>Header Files</Filter>
    </ClInclude>
    <ClInclude Include="Source\Voice\Macros\FilterParamMacros.h">
      <Filter>Header Files</Filter>
    </ClInclude>
    <ClInclude Include="Source\Voice\Macros\SynthParamMacros.h">
      <Filter>Header Files</Filter>
    </ClInclude>
    <ClInclude Include="Source\GrooveboxWindow\GrooveboxWindow.h">
      <Filter>Header Files</Filter>
    </ClInclude>
    <ClInclude Include="Source\MacroHelpers.h">
      <Filter>Header Files</Filter>
    </ClInclude>
    <ClInclude Include="Source\Voice\SynthParamConstants.h">
      <Filter>Header Files</Filter>
    </ClInclude>
    <ClInclude Include="Source\Voice\SynthParamReflection.h">
      <Filter>Header Files</Filter>
    </ClInclude>
    <ClInclude Include="Source\Voice\Macros\OscillatorParamMacros.h">
      <Filter>Header Files</Filter>
    </ClInclude>
    <ClInclude Include="Source\ModulationSource.h">
      <Filter>Header Files</Filter>
    </ClInclude>
    <ClInclude Include="Source\Voice\SynthVoiceOptionalParam.h">
      <Filter>Header Files</Filter>
    </ClInclude>
    <ClInclude Include="Source\Voice\TSynthVoiceParams.h">
      <Filter>Header Files</Filter>
    </ClInclude>
    <ClInclude Include="Source\Modules\BackingObjectModule.h">
      <Filter>Header Files</Filter>
    </ClInclude>
    <ClInclude Include="Source\Modules\SignalModule.h">
      <Filter>Header Files</Filter>
    </ClInclude>
    <ClInclude Include="Source\Modules\AmpModule.h">
      <Filter>Header Files</Filter>
    </ClInclude>
    <ClInclude Include="Source\Modules\MixerModule.h">
      <Filter>Header Files</Filter>
    </ClInclude>
    <ClInclude Include="Source\Modules\BiquadFilterModule.h">
      <Filter>Header Files</Filter>
    </ClInclude>
    <ClInclude Include="Source\Modules\SwitchableModule.h">
      <Filter>Header Files</Filter>
    </ClInclude>
    <ClInclude Include="Source\Modules\SwitchableFilterModule.h">
      <Filter>Header Files</Filter>
    </ClInclude>
    <ClInclude Include="Source\Modules\TapeDelayModule.h">
      <Filter>Header Files</Filter>
    </ClInclude>
    <ClInclude Include="Source\Voice\Templates\ValueParamsTypeTemplate.h">
      <Filter>Header Files</Filter>
    </ClInclude>
    <ClInclude Include="Source\Voice\Macros\SynthVoiceCategoryInstanceMacros.h">
      <Filter>Header Files</Filter>
    </ClInclude>
    <ClInclude Include="Source\Voice\Macros\SynthVoiceCategoryMacros.h">
      <Filter>Header Files</Filter>
    </ClInclude>
    <ClInclude Include="Source\Voice\Templates\ReflectionCategoryTemplate.h">
      <Filter>Header Files</Filter>
    </ClInclude>
    <ClInclude Include="Source\Voice\Macros\DelayParamMacros.h">
      <Filter>Header Files</Filter>
    </ClInclude>
    <ClInclude Include="Source\Voice\Envelope.h">
      <Filter>Header Files</Filter>
    </ClInclude>
    <ClInclude Include="Source\Voice\Oscillator.h">
      <Filter>Header Files</Filter>
    </ClInclude>
    <ClInclude Include="Source\Modules\LfoModule.h">
      <Filter>Header Files</Filter>
    </ClInclude>
    <ClInclude Include="Source\Voice\Macros\LfoParamMacros.h">
      <Filter>Header Files</Filter>
    </ClInclude>
    <ClInclude Include="Source\Modules\StereoSignalModule.h">
      <Filter>Header Files</Filter>
    </ClInclude>
    <ClInclude Include="Source\UI\Menu\MenuBarWidget.h">
      <Filter>Header Files</Filter>
    </ClInclude>
  </ItemGroup>
  <ItemGroup>
    <Image Include="Resources\Textures\Button.png">
      <Filter>Resource Files</Filter>
    </Image>
    <Image Include="Resources\Textures\Button_Hovered.png">
      <Filter>Resource Files</Filter>
    </Image>
    <Image Include="Resources\Textures\Button_Pressed.png">
      <Filter>Resource Files</Filter>
    </Image>
    <Image Include="Resources\Textures\Pip_Off.png">
      <Filter>Resource Files</Filter>
    </Image>
    <Image Include="Resources\Textures\Pip_On.png">
      <Filter>Resource Files</Filter>
    </Image>
  </ItemGroup>
  <ItemGroup>
    <Text Include="Resources\Config\Textures.txt" />
    <Text Include="Resources\Config\Fonts.txt" />
  </ItemGroup>
</Project>